// !$*UTF8*$!
{
	archiveVersion = 1;
	classes = {
	};
	objectVersion = 55;
	objects = {

/* Begin PBXBuildFile section */
		A71235FE274C21A700664C74 /* TextViews.swift in Sources */ = {isa = PBXBuildFile; fileRef = A71235FD274C21A700664C74 /* TextViews.swift */; };
		A7123600274C9C6B00664C74 /* Shapes.swift in Sources */ = {isa = PBXBuildFile; fileRef = A71235FF274C9C6B00664C74 /* Shapes.swift */; };
		A71B76AF271E8456004B5B03 /* BullseyeApp.swift in Sources */ = {isa = PBXBuildFile; fileRef = A71B76AE271E8456004B5B03 /* BullseyeApp.swift */; };
		A71B76B1271E8456004B5B03 /* ContentView.swift in Sources */ = {isa = PBXBuildFile; fileRef = A71B76B0271E8456004B5B03 /* ContentView.swift */; };
		A71B76B3271E8458004B5B03 /* Assets.xcassets in Resources */ = {isa = PBXBuildFile; fileRef = A71B76B2271E8458004B5B03 /* Assets.xcassets */; };
		A71B76B6271E8458004B5B03 /* Preview Assets.xcassets in Resources */ = {isa = PBXBuildFile; fileRef = A71B76B5271E8458004B5B03 /* Preview Assets.xcassets */; };
		A71B76CA271E8458004B5B03 /* BullseyeUITests.swift in Sources */ = {isa = PBXBuildFile; fileRef = A71B76C9271E8458004B5B03 /* BullseyeUITests.swift */; };
		A71B76CC271E8458004B5B03 /* BullseyeUITestsLaunchTests.swift in Sources */ = {isa = PBXBuildFile; fileRef = A71B76CB271E8458004B5B03 /* BullseyeUITestsLaunchTests.swift */; };
		A727BA27275119A600D644EF /* RoundedViews.swift in Sources */ = {isa = PBXBuildFile; fileRef = A727BA26275119A600D644EF /* RoundedViews.swift */; };
		A776C7BC2734995D00E5B537 /* Game.swift in Sources */ = {isa = PBXBuildFile; fileRef = A776C7BB2734995D00E5B537 /* Game.swift */; };
		A776C7CB2735050C00E5B537 /* BullseyeTests.swift in Sources */ = {isa = PBXBuildFile; fileRef = A776C7CA2735050C00E5B537 /* BullseyeTests.swift */; };
/* End PBXBuildFile section */

/* Begin PBXContainerItemProxy section */
		A71B76C6271E8458004B5B03 /* PBXContainerItemProxy */ = {
			isa = PBXContainerItemProxy;
			containerPortal = A71B76A3271E8456004B5B03 /* Project object */;
			proxyType = 1;
			remoteGlobalIDString = A71B76AA271E8456004B5B03;
			remoteInfo = Bullseye;
		};
		A776C7CC2735050C00E5B537 /* PBXContainerItemProxy */ = {
			isa = PBXContainerItemProxy;
			containerPortal = A71B76A3271E8456004B5B03 /* Project object */;
			proxyType = 1;
			remoteGlobalIDString = A71B76AA271E8456004B5B03;
			remoteInfo = Bullseye;
		};
/* End PBXContainerItemProxy section */

/* Begin PBXFileReference section */
		A71235FD274C21A700664C74 /* TextViews.swift */ = {isa = PBXFileReference; lastKnownFileType = sourcecode.swift; path = TextViews.swift; sourceTree = "<group>"; };
		A71235FF274C9C6B00664C74 /* Shapes.swift */ = {isa = PBXFileReference; lastKnownFileType = sourcecode.swift; path = Shapes.swift; sourceTree = "<group>"; };
		A71B76AB271E8456004B5B03 /* Bullseye.app */ = {isa = PBXFileReference; explicitFileType = wrapper.application; includeInIndex = 0; path = Bullseye.app; sourceTree = BUILT_PRODUCTS_DIR; };
		A71B76AE271E8456004B5B03 /* BullseyeApp.swift */ = {isa = PBXFileReference; lastKnownFileType = sourcecode.swift; path = BullseyeApp.swift; sourceTree = "<group>"; };
		A71B76B0271E8456004B5B03 /* ContentView.swift */ = {isa = PBXFileReference; lastKnownFileType = sourcecode.swift; path = ContentView.swift; sourceTree = "<group>"; };
		A71B76B2271E8458004B5B03 /* Assets.xcassets */ = {isa = PBXFileReference; lastKnownFileType = folder.assetcatalog; path = Assets.xcassets; sourceTree = "<group>"; };
		A71B76B5271E8458004B5B03 /* Preview Assets.xcassets */ = {isa = PBXFileReference; lastKnownFileType = folder.assetcatalog; path = "Preview Assets.xcassets"; sourceTree = "<group>"; };
		A71B76C5271E8458004B5B03 /* BullseyeUITests.xctest */ = {isa = PBXFileReference; explicitFileType = wrapper.cfbundle; includeInIndex = 0; path = BullseyeUITests.xctest; sourceTree = BUILT_PRODUCTS_DIR; };
		A71B76C9271E8458004B5B03 /* BullseyeUITests.swift */ = {isa = PBXFileReference; lastKnownFileType = sourcecode.swift; path = BullseyeUITests.swift; sourceTree = "<group>"; };
		A71B76CB271E8458004B5B03 /* BullseyeUITestsLaunchTests.swift */ = {isa = PBXFileReference; lastKnownFileType = sourcecode.swift; path = BullseyeUITestsLaunchTests.swift; sourceTree = "<group>"; };
		A727BA26275119A600D644EF /* RoundedViews.swift */ = {isa = PBXFileReference; lastKnownFileType = sourcecode.swift; path = RoundedViews.swift; sourceTree = "<group>"; };
		A776C7BB2734995D00E5B537 /* Game.swift */ = {isa = PBXFileReference; lastKnownFileType = sourcecode.swift; path = Game.swift; sourceTree = "<group>"; };
		A776C7C82735050C00E5B537 /* BullseyeTests.xctest */ = {isa = PBXFileReference; explicitFileType = wrapper.cfbundle; includeInIndex = 0; path = BullseyeTests.xctest; sourceTree = BUILT_PRODUCTS_DIR; };
		A776C7CA2735050C00E5B537 /* BullseyeTests.swift */ = {isa = PBXFileReference; lastKnownFileType = sourcecode.swift; path = BullseyeTests.swift; sourceTree = "<group>"; };
		A776C7D1273505DE00E5B537 /* Bullseye.xctestplan */ = {isa = PBXFileReference; lastKnownFileType = text; name = Bullseye.xctestplan; path = Bullseye.xcodeproj/Bullseye.xctestplan; sourceTree = "<group>"; };
/* End PBXFileReference section */

/* Begin PBXFrameworksBuildPhase section */
		A71B76A8271E8456004B5B03 /* Frameworks */ = {
			isa = PBXFrameworksBuildPhase;
			buildActionMask = 2147483647;
			files = (
			);
			runOnlyForDeploymentPostprocessing = 0;
		};
		A71B76C2271E8458004B5B03 /* Frameworks */ = {
			isa = PBXFrameworksBuildPhase;
			buildActionMask = 2147483647;
			files = (
			);
			runOnlyForDeploymentPostprocessing = 0;
		};
		A776C7C52735050C00E5B537 /* Frameworks */ = {
			isa = PBXFrameworksBuildPhase;
			buildActionMask = 2147483647;
			files = (
			);
			runOnlyForDeploymentPostprocessing = 0;
		};
/* End PBXFrameworksBuildPhase section */

/* Begin PBXGroup section */
		A71B76A2271E8456004B5B03 = {
			isa = PBXGroup;
			children = (
				A776C7D1273505DE00E5B537 /* Bullseye.xctestplan */,
				A71B76AD271E8456004B5B03 /* Bullseye */,
				A71B76C8271E8458004B5B03 /* BullseyeUITests */,
				A776C7C92735050C00E5B537 /* BullseyeTests */,
				A71B76AC271E8456004B5B03 /* Products */,
			);
			sourceTree = "<group>";
		};
		A71B76AC271E8456004B5B03 /* Products */ = {
			isa = PBXGroup;
			children = (
				A71B76AB271E8456004B5B03 /* Bullseye.app */,
				A71B76C5271E8458004B5B03 /* BullseyeUITests.xctest */,
				A776C7C82735050C00E5B537 /* BullseyeTests.xctest */,
			);
			name = Products;
			sourceTree = "<group>";
		};
		A71B76AD271E8456004B5B03 /* Bullseye */ = {
			isa = PBXGroup;
			children = (
				A776C7BA2734965200E5B537 /* App */,
				A776C7B92734964400E5B537 /* Views */,
				A776C7B82734963A00E5B537 /* Models */,
				A71B76B4271E8458004B5B03 /* Preview Content */,
			);
			path = Bullseye;
			sourceTree = "<group>";
		};
		A71B76B4271E8458004B5B03 /* Preview Content */ = {
			isa = PBXGroup;
			children = (
				A71B76B5271E8458004B5B03 /* Preview Assets.xcassets */,
			);
			path = "Preview Content";
			sourceTree = "<group>";
		};
		A71B76C8271E8458004B5B03 /* BullseyeUITests */ = {
			isa = PBXGroup;
			children = (
				A71B76C9271E8458004B5B03 /* BullseyeUITests.swift */,
				A71B76CB271E8458004B5B03 /* BullseyeUITestsLaunchTests.swift */,
			);
			path = BullseyeUITests;
			sourceTree = "<group>";
		};
		A776C7B82734963A00E5B537 /* Models */ = {
			isa = PBXGroup;
			children = (
				A776C7BB2734995D00E5B537 /* Game.swift */,
			);
			path = Models;
			sourceTree = "<group>";
		};
		A776C7B92734964400E5B537 /* Views */ = {
			isa = PBXGroup;
			children = (
				A71B76B0271E8456004B5B03 /* ContentView.swift */,
				A71235FD274C21A700664C74 /* TextViews.swift */,
				A71235FF274C9C6B00664C74 /* Shapes.swift */,
				A727BA26275119A600D644EF /* RoundedViews.swift */,
			);
			path = Views;
			sourceTree = "<group>";
		};
		A776C7BA2734965200E5B537 /* App */ = {
			isa = PBXGroup;
			children = (
				A71B76AE271E8456004B5B03 /* BullseyeApp.swift */,
				A71B76B2271E8458004B5B03 /* Assets.xcassets */,
			);
			path = App;
			sourceTree = "<group>";
		};
		A776C7C92735050C00E5B537 /* BullseyeTests */ = {
			isa = PBXGroup;
			children = (
				A776C7CA2735050C00E5B537 /* BullseyeTests.swift */,
			);
			path = BullseyeTests;
			sourceTree = "<group>";
		};
/* End PBXGroup section */

/* Begin PBXNativeTarget section */
		A71B76AA271E8456004B5B03 /* Bullseye */ = {
			isa = PBXNativeTarget;
			buildConfigurationList = A71B76CF271E8458004B5B03 /* Build configuration list for PBXNativeTarget "Bullseye" */;
			buildPhases = (
				A71B76A7271E8456004B5B03 /* Sources */,
				A71B76A8271E8456004B5B03 /* Frameworks */,
				A71B76A9271E8456004B5B03 /* Resources */,
			);
			buildRules = (
			);
			dependencies = (
			);
			name = Bullseye;
			productName = Bullseye;
			productReference = A71B76AB271E8456004B5B03 /* Bullseye.app */;
			productType = "com.apple.product-type.application";
		};
		A71B76C4271E8458004B5B03 /* BullseyeUITests */ = {
			isa = PBXNativeTarget;
			buildConfigurationList = A71B76D5271E8458004B5B03 /* Build configuration list for PBXNativeTarget "BullseyeUITests" */;
			buildPhases = (
				A71B76C1271E8458004B5B03 /* Sources */,
				A71B76C2271E8458004B5B03 /* Frameworks */,
				A71B76C3271E8458004B5B03 /* Resources */,
			);
			buildRules = (
			);
			dependencies = (
				A71B76C7271E8458004B5B03 /* PBXTargetDependency */,
			);
			name = BullseyeUITests;
			productName = BullseyeUITests;
			productReference = A71B76C5271E8458004B5B03 /* BullseyeUITests.xctest */;
			productType = "com.apple.product-type.bundle.ui-testing";
		};
		A776C7C72735050C00E5B537 /* BullseyeTests */ = {
			isa = PBXNativeTarget;
			buildConfigurationList = A776C7CE2735050C00E5B537 /* Build configuration list for PBXNativeTarget "BullseyeTests" */;
			buildPhases = (
				A776C7C42735050C00E5B537 /* Sources */,
				A776C7C52735050C00E5B537 /* Frameworks */,
				A776C7C62735050C00E5B537 /* Resources */,
			);
			buildRules = (
			);
			dependencies = (
				A776C7CD2735050C00E5B537 /* PBXTargetDependency */,
			);
			name = BullseyeTests;
			productName = BullseyeTest;
			productReference = A776C7C82735050C00E5B537 /* BullseyeTests.xctest */;
			productType = "com.apple.product-type.bundle.unit-test";
		};
/* End PBXNativeTarget section */

/* Begin PBXProject section */
		A71B76A3271E8456004B5B03 /* Project object */ = {
			isa = PBXProject;
			attributes = {
				BuildIndependentTargetsInParallel = 1;
				LastSwiftUpdateCheck = 1310;
				LastUpgradeCheck = 1300;
				TargetAttributes = {
					A71B76AA271E8456004B5B03 = {
						CreatedOnToolsVersion = 13.0;
					};
					A71B76C4271E8458004B5B03 = {
						CreatedOnToolsVersion = 13.0;
						TestTargetID = A71B76AA271E8456004B5B03;
					};
					A776C7C72735050C00E5B537 = {
						CreatedOnToolsVersion = 13.1;
						TestTargetID = A71B76AA271E8456004B5B03;
					};
				};
			};
			buildConfigurationList = A71B76A6271E8456004B5B03 /* Build configuration list for PBXProject "Bullseye" */;
			compatibilityVersion = "Xcode 13.0";
			developmentRegion = en;
			hasScannedForEncodings = 0;
			knownRegions = (
				en,
				Base,
			);
			mainGroup = A71B76A2271E8456004B5B03;
			productRefGroup = A71B76AC271E8456004B5B03 /* Products */;
			projectDirPath = "";
			projectRoot = "";
			targets = (
				A71B76AA271E8456004B5B03 /* Bullseye */,
				A71B76C4271E8458004B5B03 /* BullseyeUITests */,
				A776C7C72735050C00E5B537 /* BullseyeTests */,
			);
		};
/* End PBXProject section */

/* Begin PBXResourcesBuildPhase section */
		A71B76A9271E8456004B5B03 /* Resources */ = {
			isa = PBXResourcesBuildPhase;
			buildActionMask = 2147483647;
			files = (
				A71B76B6271E8458004B5B03 /* Preview Assets.xcassets in Resources */,
				A71B76B3271E8458004B5B03 /* Assets.xcassets in Resources */,
			);
			runOnlyForDeploymentPostprocessing = 0;
		};
		A71B76C3271E8458004B5B03 /* Resources */ = {
			isa = PBXResourcesBuildPhase;
			buildActionMask = 2147483647;
			files = (
			);
			runOnlyForDeploymentPostprocessing = 0;
		};
		A776C7C62735050C00E5B537 /* Resources */ = {
			isa = PBXResourcesBuildPhase;
			buildActionMask = 2147483647;
			files = (
			);
			runOnlyForDeploymentPostprocessing = 0;
		};
/* End PBXResourcesBuildPhase section */

/* Begin PBXSourcesBuildPhase section */
		A71B76A7271E8456004B5B03 /* Sources */ = {
			isa = PBXSourcesBuildPhase;
			buildActionMask = 2147483647;
			files = (
				A727BA27275119A600D644EF /* RoundedViews.swift in Sources */,
				A71B76B1271E8456004B5B03 /* ContentView.swift in Sources */,
				A71235FE274C21A700664C74 /* TextViews.swift in Sources */,
				A7123600274C9C6B00664C74 /* Shapes.swift in Sources */,
				A776C7BC2734995D00E5B537 /* Game.swift in Sources */,
				A71B76AF271E8456004B5B03 /* BullseyeApp.swift in Sources */,
			);
			runOnlyForDeploymentPostprocessing = 0;
		};
		A71B76C1271E8458004B5B03 /* Sources */ = {
			isa = PBXSourcesBuildPhase;
			buildActionMask = 2147483647;
			files = (
				A71B76CC271E8458004B5B03 /* BullseyeUITestsLaunchTests.swift in Sources */,
				A71B76CA271E8458004B5B03 /* BullseyeUITests.swift in Sources */,
			);
			runOnlyForDeploymentPostprocessing = 0;
		};
		A776C7C42735050C00E5B537 /* Sources */ = {
			isa = PBXSourcesBuildPhase;
			buildActionMask = 2147483647;
			files = (
				A776C7CB2735050C00E5B537 /* BullseyeTests.swift in Sources */,
			);
			runOnlyForDeploymentPostprocessing = 0;
		};
/* End PBXSourcesBuildPhase section */

/* Begin PBXTargetDependency section */
		A71B76C7271E8458004B5B03 /* PBXTargetDependency */ = {
			isa = PBXTargetDependency;
			target = A71B76AA271E8456004B5B03 /* Bullseye */;
			targetProxy = A71B76C6271E8458004B5B03 /* PBXContainerItemProxy */;
		};
		A776C7CD2735050C00E5B537 /* PBXTargetDependency */ = {
			isa = PBXTargetDependency;
			target = A71B76AA271E8456004B5B03 /* Bullseye */;
			targetProxy = A776C7CC2735050C00E5B537 /* PBXContainerItemProxy */;
		};
/* End PBXTargetDependency section */

/* Begin XCBuildConfiguration section */
		A71B76CD271E8458004B5B03 /* Debug */ = {
			isa = XCBuildConfiguration;
			buildSettings = {
				ALWAYS_SEARCH_USER_PATHS = NO;
				CLANG_ANALYZER_NONNULL = YES;
				CLANG_ANALYZER_NUMBER_OBJECT_CONVERSION = YES_AGGRESSIVE;
				CLANG_CXX_LANGUAGE_STANDARD = "gnu++17";
				CLANG_CXX_LIBRARY = "libc++";
				CLANG_ENABLE_MODULES = YES;
				CLANG_ENABLE_OBJC_ARC = YES;
				CLANG_ENABLE_OBJC_WEAK = YES;
				CLANG_WARN_BLOCK_CAPTURE_AUTORELEASING = YES;
				CLANG_WARN_BOOL_CONVERSION = YES;
				CLANG_WARN_COMMA = YES;
				CLANG_WARN_CONSTANT_CONVERSION = YES;
				CLANG_WARN_DEPRECATED_OBJC_IMPLEMENTATIONS = YES;
				CLANG_WARN_DIRECT_OBJC_ISA_USAGE = YES_ERROR;
				CLANG_WARN_DOCUMENTATION_COMMENTS = YES;
				CLANG_WARN_EMPTY_BODY = YES;
				CLANG_WARN_ENUM_CONVERSION = YES;
				CLANG_WARN_INFINITE_RECURSION = YES;
				CLANG_WARN_INT_CONVERSION = YES;
				CLANG_WARN_NON_LITERAL_NULL_CONVERSION = YES;
				CLANG_WARN_OBJC_IMPLICIT_RETAIN_SELF = YES;
				CLANG_WARN_OBJC_LITERAL_CONVERSION = YES;
				CLANG_WARN_OBJC_ROOT_CLASS = YES_ERROR;
				CLANG_WARN_QUOTED_INCLUDE_IN_FRAMEWORK_HEADER = YES;
				CLANG_WARN_RANGE_LOOP_ANALYSIS = YES;
				CLANG_WARN_STRICT_PROTOTYPES = YES;
				CLANG_WARN_SUSPICIOUS_MOVE = YES;
				CLANG_WARN_UNGUARDED_AVAILABILITY = YES_AGGRESSIVE;
				CLANG_WARN_UNREACHABLE_CODE = YES;
				CLANG_WARN__DUPLICATE_METHOD_MATCH = YES;
				COPY_PHASE_STRIP = NO;
				DEBUG_INFORMATION_FORMAT = dwarf;
				ENABLE_STRICT_OBJC_MSGSEND = YES;
				ENABLE_TESTABILITY = YES;
				GCC_C_LANGUAGE_STANDARD = gnu11;
				GCC_DYNAMIC_NO_PIC = NO;
				GCC_NO_COMMON_BLOCKS = YES;
				GCC_OPTIMIZATION_LEVEL = 0;
				GCC_PREPROCESSOR_DEFINITIONS = (
					"DEBUG=1",
					"$(inherited)",
				);
				GCC_WARN_64_TO_32_BIT_CONVERSION = YES;
				GCC_WARN_ABOUT_RETURN_TYPE = YES_ERROR;
				GCC_WARN_UNDECLARED_SELECTOR = YES;
				GCC_WARN_UNINITIALIZED_AUTOS = YES_AGGRESSIVE;
				GCC_WARN_UNUSED_FUNCTION = YES;
				GCC_WARN_UNUSED_VARIABLE = YES;
				IPHONEOS_DEPLOYMENT_TARGET = 15.0;
				MTL_ENABLE_DEBUG_INFO = INCLUDE_SOURCE;
				MTL_FAST_MATH = YES;
				ONLY_ACTIVE_ARCH = YES;
				SDKROOT = iphoneos;
				SWIFT_ACTIVE_COMPILATION_CONDITIONS = DEBUG;
				SWIFT_OPTIMIZATION_LEVEL = "-Onone";
			};
			name = Debug;
		};
		A71B76CE271E8458004B5B03 /* Release */ = {
			isa = XCBuildConfiguration;
			buildSettings = {
				ALWAYS_SEARCH_USER_PATHS = NO;
				CLANG_ANALYZER_NONNULL = YES;
				CLANG_ANALYZER_NUMBER_OBJECT_CONVERSION = YES_AGGRESSIVE;
				CLANG_CXX_LANGUAGE_STANDARD = "gnu++17";
				CLANG_CXX_LIBRARY = "libc++";
				CLANG_ENABLE_MODULES = YES;
				CLANG_ENABLE_OBJC_ARC = YES;
				CLANG_ENABLE_OBJC_WEAK = YES;
				CLANG_WARN_BLOCK_CAPTURE_AUTORELEASING = YES;
				CLANG_WARN_BOOL_CONVERSION = YES;
				CLANG_WARN_COMMA = YES;
				CLANG_WARN_CONSTANT_CONVERSION = YES;
				CLANG_WARN_DEPRECATED_OBJC_IMPLEMENTATIONS = YES;
				CLANG_WARN_DIRECT_OBJC_ISA_USAGE = YES_ERROR;
				CLANG_WARN_DOCUMENTATION_COMMENTS = YES;
				CLANG_WARN_EMPTY_BODY = YES;
				CLANG_WARN_ENUM_CONVERSION = YES;
				CLANG_WARN_INFINITE_RECURSION = YES;
				CLANG_WARN_INT_CONVERSION = YES;
				CLANG_WARN_NON_LITERAL_NULL_CONVERSION = YES;
				CLANG_WARN_OBJC_IMPLICIT_RETAIN_SELF = YES;
				CLANG_WARN_OBJC_LITERAL_CONVERSION = YES;
				CLANG_WARN_OBJC_ROOT_CLASS = YES_ERROR;
				CLANG_WARN_QUOTED_INCLUDE_IN_FRAMEWORK_HEADER = YES;
				CLANG_WARN_RANGE_LOOP_ANALYSIS = YES;
				CLANG_WARN_STRICT_PROTOTYPES = YES;
				CLANG_WARN_SUSPICIOUS_MOVE = YES;
				CLANG_WARN_UNGUARDED_AVAILABILITY = YES_AGGRESSIVE;
				CLANG_WARN_UNREACHABLE_CODE = YES;
				CLANG_WARN__DUPLICATE_METHOD_MATCH = YES;
				COPY_PHASE_STRIP = NO;
				DEBUG_INFORMATION_FORMAT = "dwarf-with-dsym";
				ENABLE_NS_ASSERTIONS = NO;
				ENABLE_STRICT_OBJC_MSGSEND = YES;
				GCC_C_LANGUAGE_STANDARD = gnu11;
				GCC_NO_COMMON_BLOCKS = YES;
				GCC_WARN_64_TO_32_BIT_CONVERSION = YES;
				GCC_WARN_ABOUT_RETURN_TYPE = YES_ERROR;
				GCC_WARN_UNDECLARED_SELECTOR = YES;
				GCC_WARN_UNINITIALIZED_AUTOS = YES_AGGRESSIVE;
				GCC_WARN_UNUSED_FUNCTION = YES;
				GCC_WARN_UNUSED_VARIABLE = YES;
				IPHONEOS_DEPLOYMENT_TARGET = 15.0;
				MTL_ENABLE_DEBUG_INFO = NO;
				MTL_FAST_MATH = YES;
				SDKROOT = iphoneos;
				SWIFT_COMPILATION_MODE = wholemodule;
				SWIFT_OPTIMIZATION_LEVEL = "-O";
				VALIDATE_PRODUCT = YES;
			};
			name = Release;
		};
		A71B76D0271E8458004B5B03 /* Debug */ = {
			isa = XCBuildConfiguration;
			buildSettings = {
				ASSETCATALOG_COMPILER_APPICON_NAME = AppIcon;
				ASSETCATALOG_COMPILER_GLOBAL_ACCENT_COLOR_NAME = AccentColor;
				CODE_SIGN_STYLE = Automatic;
				CURRENT_PROJECT_VERSION = 1;
				DEVELOPMENT_ASSET_PATHS = "\"Bullseye/Preview Content\"";
				DEVELOPMENT_TEAM = 59DWKJ2J8M;
				ENABLE_PREVIEWS = YES;
				GENERATE_INFOPLIST_FILE = YES;
				INFOPLIST_FILE = "";
				INFOPLIST_KEY_UIApplicationSceneManifest_Generation = YES;
				INFOPLIST_KEY_UIApplicationSupportsIndirectInputEvents = YES;
				INFOPLIST_KEY_UILaunchScreen_Generation = YES;
				INFOPLIST_KEY_UISupportedInterfaceOrientations_iPad = "UIInterfaceOrientationPortrait UIInterfaceOrientationPortraitUpsideDown UIInterfaceOrientationLandscapeLeft UIInterfaceOrientationLandscapeRight";
				INFOPLIST_KEY_UISupportedInterfaceOrientations_iPhone = "UIInterfaceOrientationPortrait UIInterfaceOrientationLandscapeLeft UIInterfaceOrientationLandscapeRight";
				IPHONEOS_DEPLOYMENT_TARGET = 14.0;
				LD_RUNPATH_SEARCH_PATHS = (
					"$(inherited)",
					"@executable_path/Frameworks",
				);
				MARKETING_VERSION = 1.0;
				PRODUCT_BUNDLE_IDENTIFIER = com.LEL.Bullseye;
				PRODUCT_NAME = "$(TARGET_NAME)";
				SWIFT_EMIT_LOC_STRINGS = YES;
				SWIFT_VERSION = 5.0;
				TARGETED_DEVICE_FAMILY = "1,2";
			};
			name = Debug;
		};
		A71B76D1271E8458004B5B03 /* Release */ = {
			isa = XCBuildConfiguration;
			buildSettings = {
				ASSETCATALOG_COMPILER_APPICON_NAME = AppIcon;
				ASSETCATALOG_COMPILER_GLOBAL_ACCENT_COLOR_NAME = AccentColor;
				CODE_SIGN_STYLE = Automatic;
				CURRENT_PROJECT_VERSION = 1;
				DEVELOPMENT_ASSET_PATHS = "\"Bullseye/Preview Content\"";
				DEVELOPMENT_TEAM = 59DWKJ2J8M;
				ENABLE_PREVIEWS = YES;
				GENERATE_INFOPLIST_FILE = YES;
				INFOPLIST_FILE = "";
				INFOPLIST_KEY_UIApplicationSceneManifest_Generation = YES;
				INFOPLIST_KEY_UIApplicationSupportsIndirectInputEvents = YES;
				INFOPLIST_KEY_UILaunchScreen_Generation = YES;
				INFOPLIST_KEY_UISupportedInterfaceOrientations_iPad = "UIInterfaceOrientationPortrait UIInterfaceOrientationPortraitUpsideDown UIInterfaceOrientationLandscapeLeft UIInterfaceOrientationLandscapeRight";
				INFOPLIST_KEY_UISupportedInterfaceOrientations_iPhone = "UIInterfaceOrientationPortrait UIInterfaceOrientationLandscapeLeft UIInterfaceOrientationLandscapeRight";
				IPHONEOS_DEPLOYMENT_TARGET = 14.0;
				LD_RUNPATH_SEARCH_PATHS = (
					"$(inherited)",
					"@executable_path/Frameworks",
				);
				MARKETING_VERSION = 1.0;
				PRODUCT_BUNDLE_IDENTIFIER = com.LEL.Bullseye;
				PRODUCT_NAME = "$(TARGET_NAME)";
				SWIFT_EMIT_LOC_STRINGS = YES;
				SWIFT_VERSION = 5.0;
				TARGETED_DEVICE_FAMILY = "1,2";
			};
			name = Release;
		};
		A71B76D6271E8458004B5B03 /* Debug */ = {
			isa = XCBuildConfiguration;
			buildSettings = {
				ALWAYS_EMBED_SWIFT_STANDARD_LIBRARIES = YES;
				CODE_SIGN_STYLE = Automatic;
				CURRENT_PROJECT_VERSION = 1;
				DEVELOPMENT_TEAM = 59DWKJ2J8M;
				GENERATE_INFOPLIST_FILE = YES;
				LD_RUNPATH_SEARCH_PATHS = (
					"$(inherited)",
					"@executable_path/Frameworks",
					"@loader_path/Frameworks",
				);
				MARKETING_VERSION = 1.0;
				PRODUCT_BUNDLE_IDENTIFIER = com.LEL.BullseyeUITests;
				PRODUCT_NAME = "$(TARGET_NAME)";
				SWIFT_EMIT_LOC_STRINGS = NO;
				SWIFT_VERSION = 5.0;
				TARGETED_DEVICE_FAMILY = "1,2";
				TEST_TARGET_NAME = Bullseye;
			};
			name = Debug;
		};
		A71B76D7271E8458004B5B03 /* Release */ = {
			isa = XCBuildConfiguration;
			buildSettings = {
				ALWAYS_EMBED_SWIFT_STANDARD_LIBRARIES = YES;
				CODE_SIGN_STYLE = Automatic;
				CURRENT_PROJECT_VERSION = 1;
				DEVELOPMENT_TEAM = 59DWKJ2J8M;
				GENERATE_INFOPLIST_FILE = YES;
				LD_RUNPATH_SEARCH_PATHS = (
					"$(inherited)",
					"@executable_path/Frameworks",
					"@loader_path/Frameworks",
				);
				MARKETING_VERSION = 1.0;
				PRODUCT_BUNDLE_IDENTIFIER = com.LEL.BullseyeUITests;
				PRODUCT_NAME = "$(TARGET_NAME)";
				SWIFT_EMIT_LOC_STRINGS = NO;
				SWIFT_VERSION = 5.0;
				TARGETED_DEVICE_FAMILY = "1,2";
				TEST_TARGET_NAME = Bullseye;
			};
			name = Release;
		};
		A776C7CF2735050C00E5B537 /* Debug */ = {
			isa = XCBuildConfiguration;
			buildSettings = {
				BUNDLE_LOADER = "$(TEST_HOST)";
				CODE_SIGN_STYLE = Automatic;
				CURRENT_PROJECT_VERSION = 1;
				DEVELOPMENT_TEAM = 59DWKJ2J8M;
				GENERATE_INFOPLIST_FILE = YES;
				LD_RUNPATH_SEARCH_PATHS = (
					"$(inherited)",
					"@executable_path/Frameworks",
					"@loader_path/Frameworks",
				);
				MARKETING_VERSION = 1.0;
				PRODUCT_BUNDLE_IDENTIFIER = com.LEL.BullseyeTest;
				PRODUCT_NAME = "$(TARGET_NAME)";
				SWIFT_EMIT_LOC_STRINGS = NO;
				SWIFT_VERSION = 5.0;
				TARGETED_DEVICE_FAMILY = "1,2";
				TEST_HOST = "$(BUILT_PRODUCTS_DIR)/Bullseye.app/Bullseye";
			};
			name = Debug;
		};
		A776C7D02735050C00E5B537 /* Release */ = {
			isa = XCBuildConfiguration;
			buildSettings = {
				BUNDLE_LOADER = "$(TEST_HOST)";
				CODE_SIGN_STYLE = Automatic;
				CURRENT_PROJECT_VERSION = 1;
				DEVELOPMENT_TEAM = 59DWKJ2J8M;
				GENERATE_INFOPLIST_FILE = YES;
				LD_RUNPATH_SEARCH_PATHS = (
					"$(inherited)",
					"@executable_path/Frameworks",
					"@loader_path/Frameworks",
				);
				MARKETING_VERSION = 1.0;
				PRODUCT_BUNDLE_IDENTIFIER = com.LEL.BullseyeTest;
				PRODUCT_NAME = "$(TARGET_NAME)";
				SWIFT_EMIT_LOC_STRINGS = NO;
				SWIFT_VERSION = 5.0;
				TARGETED_DEVICE_FAMILY = "1,2";
				TEST_HOST = "$(BUILT_PRODUCTS_DIR)/Bullseye.app/Bullseye";
			};
			name = Release;
		};
/* End XCBuildConfiguration section */

/* Begin XCConfigurationList section */
		A71B76A6271E8456004B5B03 /* Build configuration list for PBXProject "Bullseye" */ = {
			isa = XCConfigurationList;
			buildConfigurations = (
				A71B76CD271E8458004B5B03 /* Debug */,
				A71B76CE271E8458004B5B03 /* Release */,
			);
			defaultConfigurationIsVisible = 0;
			defaultConfigurationName = Release;
		};
		A71B76CF271E8458004B5B03 /* Build configuration list for PBXNativeTarget "Bullseye" */ = {
			isa = XCConfigurationList;
			buildConfigurations = (
				A71B76D0271E8458004B5B03 /* Debug */,
				A71B76D1271E8458004B5B03 /* Release */,
			);
			defaultConfigurationIsVisible = 0;
			defaultConfigurationName = Release;
		};
		A71B76D5271E8458004B5B03 /* Build configuration list for PBXNativeTarget "BullseyeUITests" */ = {
			isa = XCConfigurationList;
			buildConfigurations = (
				A71B76D6271E8458004B5B03 /* Debug */,
				A71B76D7271E8458004B5B03 /* Release */,
			);
			defaultConfigurationIsVisible = 0;
			defaultConfigurationName = Release;
		};
		A776C7CE2735050C00E5B537 /* Build configuration list for PBXNativeTarget "BullseyeTests" */ = {
			isa = XCConfigurationList;
			buildConfigurations = (
				A776C7CF2735050C00E5B537 /* Debug */,
				A776C7D02735050C00E5B537 /* Release */,
			);
			defaultConfigurationIsVisible = 0;
			defaultConfigurationName = Release;
		};
/* End XCConfigurationList section */
	};
	rootObject = A71B76A3271E8456004B5B03 /* Project object */;
}
